PODS:
  - ContainerControllerSwift (1.1.4)

DEPENDENCIES:
  - ContainerControllerSwift (from `../`)

EXTERNAL SOURCES:
  ContainerControllerSwift:
    :path: "../"

SPEC CHECKSUMS:
  ContainerControllerSwift: 0247fd2a96cb77708fa405dda321afcebc170add

PODFILE CHECKSUM: 68b4896b8cbd387e9323b99ed1015596421493a6

COCOAPODS: 1.11.3
